// !$*UTF8*$!
{
	archiveVersion = 1;
	classes = {
	};
	objectVersion = 77;
	objects = {

/* Begin PBXBuildFile section */
		6607648C2F4B15E500654CF3 /* puzzles.json in Resources */ = {isa = PBXBuildFile; fileRef = 6607648B2F4B15E500654CF3 /* puzzles.json */; };
		AA000041000000000000001A /* SudokuApp.swift in Sources */ = {isa = PBXBuildFile; fileRef = AA000031000000000000001A /* SudokuApp.swift */; };
		AA000042000000000000001A /* ContentView.swift in Sources */ = {isa = PBXBuildFile; fileRef = AA000032000000000000001A /* ContentView.swift */; };
		AA000043000000000000001A /* SudokuModel.swift in Sources */ = {isa = PBXBuildFile; fileRef = AA000033000000000000001A /* SudokuModel.swift */; };
		AA000044000000000000001A /* SudokuViewModel.swift in Sources */ = {isa = PBXBuildFile; fileRef = AA000034000000000000001A /* SudokuViewModel.swift */; };
		AA000045000000000000001A /* SudokuGridView.swift in Sources */ = {isa = PBXBuildFile; fileRef = AA000035000000000000001A /* SudokuGridView.swift */; };
		AA000046000000000000001A /* SudokuCellView.swift in Sources */ = {isa = PBXBuildFile; fileRef = AA000036000000000000001A /* SudokuCellView.swift */; };
		AA000047000000000000001A /* NumberPadView.swift in Sources */ = {isa = PBXBuildFile; fileRef = AA000037000000000000001A /* NumberPadView.swift */; };
		AA000048000000000000001A /* StatsView.swift in Sources */ = {isa = PBXBuildFile; fileRef = AA000038000000000000001A /* StatsView.swift */; };
		AA000049000000000000001A /* Assets.xcassets in Resources */ = {isa = PBXBuildFile; fileRef = AA000039000000000000001A /* Assets.xcassets */; };
/* End PBXBuildFile section */

/* Begin PBXFileReference section */
		6607648B2F4B15E500654CF3 /* puzzles.json */ = {isa = PBXFileReference; lastKnownFileType = text.json; path = puzzles.json; sourceTree = "<group>"; };
		AA000030000000000000001A /* SudokuApp.app */ = {isa = PBXFileReference; explicitFileType = wrapper.application; includeInIndex = 0; path = SudokuApp.app; sourceTree = BUILT_PRODUCTS_DIR; };
		AA000031000000000000001A /* SudokuApp.swift */ = {isa = PBXFileReference; lastKnownFileType = sourcecode.swift; path = SudokuApp.swift; sourceTree = "<group>"; };
		AA000032000000000000001A /* ContentView.swift */ = {isa = PBXFileReference; lastKnownFileType = sourcecode.swift; path = ContentView.swift; sourceTree = "<group>"; };
		AA000033000000000000001A /* SudokuModel.swift */ = {isa = PBXFileReference; lastKnownFileType = sourcecode.swift; path = SudokuModel.swift; sourceTree = "<group>"; };
		AA000034000000000000001A /* SudokuViewModel.swift */ = {isa = PBXFileReference; lastKnownFileType = sourcecode.swift; path = SudokuViewModel.swift; sourceTree = "<group>"; };
		AA000035000000000000001A /* SudokuGridView.swift */ = {isa = PBXFileReference; lastKnownFileType = sourcecode.swift; path = SudokuGridView.swift; sourceTree = "<group>"; };
		AA000036000000000000001A /* SudokuCellView.swift */ = {isa = PBXFileReference; lastKnownFileType = sourcecode.swift; path = SudokuCellView.swift; sourceTree = "<group>"; };
		AA000037000000000000001A /* NumberPadView.swift */ = {isa = PBXFileReference; lastKnownFileType = sourcecode.swift; path = NumberPadView.swift; sourceTree = "<group>"; };
		AA000038000000000000001A /* StatsView.swift */ = {isa = PBXFileReference; lastKnownFileType = sourcecode.swift; path = StatsView.swift; sourceTree = "<group>"; };
		AA000039000000000000001A /* Assets.xcassets */ = {isa = PBXFileReference; lastKnownFileType = folder.assetcatalog; path = Assets.xcassets; sourceTree = "<group>"; };
/* End PBXFileReference section */

/* Begin PBXGroup section */
		AA000020000000000000001A = {
			isa = PBXGroup;
			children = (
				AA000022000000000000001A /* SudokuApp */,
				AA000021000000000000001A /* Products */,
			);
			sourceTree = "<group>";
		};
		AA000021000000000000001A /* Products */ = {
			isa = PBXGroup;
			children = (
				AA000030000000000000001A /* SudokuApp.app */,
			);
			name = Products;
			sourceTree = "<group>";
		};
		AA000022000000000000001A /* SudokuApp */ = {
			isa = PBXGroup;
			children = (
				AA000031000000000000001A /* SudokuApp.swift */,
				AA000032000000000000001A /* ContentView.swift */,
				AA000033000000000000001A /* SudokuModel.swift */,
				AA000034000000000000001A /* SudokuViewModel.swift */,
				AA000035000000000000001A /* SudokuGridView.swift */,
				6607648B2F4B15E500654CF3 /* puzzles.json */,
				AA000036000000000000001A /* SudokuCellView.swift */,
				AA000037000000000000001A /* NumberPadView.swift */,
				AA000038000000000000001A /* StatsView.swift */,
				AA000039000000000000001A /* Assets.xcassets */,
			);
			path = SudokuApp;
			sourceTree = "<group>";
		};
/* End PBXGroup section */

/* Begin PBXNativeTarget section */
		AA000010000000000000001A /* SudokuApp */ = {
			isa = PBXNativeTarget;
			buildConfigurationList = AA000011000000000000001A /* Build configuration list for PBXNativeTarget "SudokuApp" */;
			buildPhases = (
				AA000014000000000000001A /* Sources */,
				AA000015000000000000001A /* Resources */,
			);
			buildRules = (
			);
			dependencies = (
			);
			name = SudokuApp;
			productName = SudokuApp;
			productReference = AA000030000000000000001A /* SudokuApp.app */;
			productType = "com.apple.product-type.application";
		};
/* End PBXNativeTarget section */

/* Begin PBXProject section */
		AA000001000000000000001A /* Project object */ = {
			isa = PBXProject;
			attributes = {
				BuildIndependentTargetsInParallel = 1;
				LastSwiftUpdateCheck = 1700;
				LastUpgradeCheck = 1700;
				TargetAttributes = {
					AA000010000000000000001A = {
						CreatedOnToolsVersion = 17.0;
					};
				};
			};
			buildConfigurationList = AA000002000000000000001A /* Build configuration list for PBXProject "SudokuApp" */;
			developmentRegion = en;
			hasScannedForEncodings = 0;
			knownRegions = (
				en,
				Base,
			);
			mainGroup = AA000020000000000000001A;
			minimizedProjectReferenceProxies = 1;
			preferredProjectObjectVersion = 77;
			productRefGroup = AA000021000000000000001A /* Products */;
			projectDirPath = "";
			projectRoot = "";
			targets = (
				AA000010000000000000001A /* SudokuApp */,
			);
		};
/* End PBXProject section */

/* Begin PBXResourcesBuildPhase section */
		AA000015000000000000001A /* Resources */ = {
			isa = PBXResourcesBuildPhase;
			buildActionMask = 2147483647;
			files = (
				AA000049000000000000001A /* Assets.xcassets in Resources */,
				6607648C2F4B15E500654CF3 /* puzzles.json in Resources */,
			);
			runOnlyForDeploymentPostprocessing = 0;
		};
/* End PBXResourcesBuildPhase section */

/* Begin PBXSourcesBuildPhase section */
		AA000014000000000000001A /* Sources */ = {
			isa = PBXSourcesBuildPhase;
			buildActionMask = 2147483647;
			files = (
				AA000041000000000000001A /* SudokuApp.swift in Sources */,
				AA000042000000000000001A /* ContentView.swift in Sources */,
				AA000043000000000000001A /* SudokuModel.swift in Sources */,
				AA000044000000000000001A /* SudokuViewModel.swift in Sources */,
				AA000045000000000000001A /* SudokuGridView.swift in Sources */,
				AA000046000000000000001A /* SudokuCellView.swift in Sources */,
				AA000047000000000000001A /* NumberPadView.swift in Sources */,
				AA000048000000000000001A /* StatsView.swift in Sources */,
			);
			runOnlyForDeploymentPostprocessing = 0;
		};
/* End PBXSourcesBuildPhase section */

/* Begin XCBuildConfiguration section */
		AA000003000000000000001A /* Debug */ = {
			isa = XCBuildConfiguration;
			buildSettings = {
				ALWAYS_SEARCH_USER_PATHS = NO;
				CLANG_ANALYZER_NONNULL = YES;
				CLANG_ANALYZER_NUMBER_OBJECT_CONVERSION = YES_AGGRESSIVE;
				CLANG_CXX_LANGUAGE_STANDARD = "gnu++20";
				CLANG_ENABLE_MODULES = YES;
				CLANG_ENABLE_OBJC_ARC = YES;
				CLANG_ENABLE_OBJC_WEAK = YES;
				CLANG_WARN_BLOCK_CAPTURE_AUTORELEASING = YES;
				CLANG_WARN_BOOL_CONVERSION = YES;
				CLANG_WARN_COMMA = YES;
				CLANG_WARN_CONSTANT_CONVERSION = YES;
				CLANG_WARN_DEPRECATED_OBJC_IMPLEMENTATIONS = YES;
				CLANG_WARN_DIRECT_OBJC_ISA_USAGE = YES_ERROR;
				CLANG_WARN_DOCUMENTATION_COMMENTS = YES;
				CLANG_WARN_EMPTY_BODY = YES;
				CLANG_WARN_ENUM_CONVERSION = YES;
				CLANG_WARN_INFINITE_RECURSION = YES;
				CLANG_WARN_INT_CONVERSION = YES;
				CLANG_WARN_NON_LITERAL_NULL_CONVERSION = YES;
				CLANG_WARN_OBJC_IMPLICIT_RETAIN_SELF = YES;
				CLANG_WARN_OBJC_LITERAL_CONVERSION = YES;
				CLANG_WARN_OBJC_ROOT_CLASS = YES_ERROR;
				CLANG_WARN_QUOTED_INCLUDE_IN_FRAMEWORK_HEADER = YES;
				CLANG_WARN_RANGE_LOOP_ANALYSIS = YES;
				CLANG_WARN_STRICT_PROTOTYPES = YES;
				CLANG_WARN_SUSPICIOUS_MOVE = YES;
				CLANG_WARN_UNGUARDED_AVAILABILITY = YES_AGGRESSIVE;
				CLANG_WARN_UNREACHABLE_CODE = YES;
				CLANG_WARN__DUPLICATE_METHOD_MATCH = YES;
				COPY_PHASE_STRIP = NO;
				DEBUG_INFORMATION_FORMAT = dwarf;
				ENABLE_STRICT_OBJC_MSGSEND = YES;
				ENABLE_TESTABILITY = YES;
				ENABLE_USER_SCRIPT_SANDBOXING = YES;
				GCC_C_LANGUAGE_STANDARD = gnu17;
				GCC_DYNAMIC_NO_PIC = NO;
				GCC_NO_COMMON_BLOCKS = YES;
				GCC_OPTIMIZATION_LEVEL = 0;
				GCC_PREPROCESSOR_DEFINITIONS = (
					"DEBUG=1",
					"$(inherited)",
				);
				GCC_WARN_64_TO_32_BIT_CONVERSION = YES;
				GCC_WARN_ABOUT_RETURN_TYPE = YES_ERROR;
				GCC_WARN_UNDECLARED_SELECTOR = YES;
				GCC_WARN_UNINITIALIZED_AUTOS = YES_AGGRESSIVE;
				GCC_WARN_UNUSED_FUNCTION = YES;
				GCC_WARN_UNUSED_VARIABLE = YES;
				IPHONEOS_DEPLOYMENT_TARGET = 16.0;
				MTL_ENABLE_DEBUG_INFO = INCLUDE_SOURCE;
				MTL_FAST_MATH = YES;
				ONLY_ACTIVE_ARCH = YES;
				SDKROOT = iphoneos;
				SWIFT_ACTIVE_COMPILATION_CONDITIONS = DEBUG;
				SWIFT_OPTIMIZATION_LEVEL = "-Onone";
			};
			name = Debug;
		};
		AA000004000000000000001A /* Release */ = {
			isa = XCBuildConfiguration;
			buildSettings = {
				ALWAYS_SEARCH_USER_PATHS = NO;
				CLANG_ANALYZER_NONNULL = YES;
				CLANG_ANALYZER_NUMBER_OBJECT_CONVERSION = YES_AGGRESSIVE;
				CLANG_CXX_LANGUAGE_STANDARD = "gnu++20";
				CLANG_ENABLE_MODULES = YES;
				CLANG_ENABLE_OBJC_ARC = YES;
				CLANG_ENABLE_OBJC_WEAK = YES;
				CLANG_WARN_BLOCK_CAPTURE_AUTORELEASING = YES;
				CLANG_WARN_BOOL_CONVERSION = YES;
				CLANG_WARN_COMMA = YES;
				CLANG_WARN_CONSTANT_CONVERSION = YES;
				CLANG_WARN_DEPRECATED_OBJC_IMPLEMENTATIONS = YES;
				CLANG_WARN_DIRECT_OBJC_ISA_USAGE = YES_ERROR;
				CLANG_WARN_DOCUMENTATION_COMMENTS = YES;
				CLANG_WARN_EMPTY_BODY = YES;
				CLANG_WARN_ENUM_CONVERSION = YES;
				CLANG_WARN_INFINITE_RECURSION = YES;
				CLANG_WARN_INT_CONVERSION = YES;
				CLANG_WARN_NON_LITERAL_NULL_CONVERSION = YES;
				CLANG_WARN_OBJC_IMPLICIT_RETAIN_SELF = YES;
				CLANG_WARN_OBJC_LITERAL_CONVERSION = YES;
				CLANG_WARN_OBJC_ROOT_CLASS = YES_ERROR;
				CLANG_WARN_QUOTED_INCLUDE_IN_FRAMEWORK_HEADER = YES;
				CLANG_WARN_RANGE_LOOP_ANALYSIS = YES;
				CLANG_WARN_STRICT_PROTOTYPES = YES;
				CLANG_WARN_SUSPICIOUS_MOVE = YES;
				CLANG_WARN_UNGUARDED_AVAILABILITY = YES_AGGRESSIVE;
				CLANG_WARN_UNREACHABLE_CODE = YES;
				CLANG_WARN__DUPLICATE_METHOD_MATCH = YES;
				COPY_PHASE_STRIP = NO;
				DEBUG_INFORMATION_FORMAT = "dwarf-with-dsym";
				ENABLE_NS_ASSERTIONS = NO;
				ENABLE_STRICT_OBJC_MSGSEND = YES;
				ENABLE_USER_SCRIPT_SANDBOXING = YES;
				GCC_C_LANGUAGE_STANDARD = gnu17;
				GCC_NO_COMMON_BLOCKS = YES;
				GCC_WARN_64_TO_32_BIT_CONVERSION = YES;
				GCC_WARN_ABOUT_RETURN_TYPE = YES_ERROR;
				GCC_WARN_UNDECLARED_SELECTOR = YES;
				GCC_WARN_UNINITIALIZED_AUTOS = YES_AGGRESSIVE;
				GCC_WARN_UNUSED_FUNCTION = YES;
				GCC_WARN_UNUSED_VARIABLE = YES;
				IPHONEOS_DEPLOYMENT_TARGET = 16.0;
				MTL_FAST_MATH = YES;
				SDKROOT = iphoneos;
				SWIFT_COMPILATION_MODE = wholemodule;
				SWIFT_OPTIMIZATION_LEVEL = "-O";
				VALIDATE_PRODUCT = YES;
			};
			name = Release;
		};
		AA000012000000000000001A /* Debug */ = {
			isa = XCBuildConfiguration;
			buildSettings = {
				ASSETCATALOG_COMPILER_APPICON_NAME = AppIcon;
				ASSETCATALOG_COMPILER_GLOBAL_ACCENT_COLOR_NAME = AccentColor;
				CODE_SIGN_IDENTITY = "Apple Development";
				CODE_SIGN_STYLE = Automatic;
				CURRENT_PROJECT_VERSION = 1;
				DEVELOPMENT_TEAM = JX8T4YJUUP;
				ENABLE_PREVIEWS = YES;
				GENERATE_INFOPLIST_FILE = YES;
				INFOPLIST_KEY_CFBundleDisplayName = Bludoku;
				INFOPLIST_KEY_UIApplicationSceneManifest_Generation = YES;
				INFOPLIST_KEY_UIApplicationSupportsIndirectInputEvents = YES;
				INFOPLIST_KEY_UILaunchScreen_Generation = YES;
				INFOPLIST_KEY_UISupportedInterfaceOrientations_iPad = "UIInterfaceOrientationPortrait UIInterfaceOrientationPortraitUpsideDown UIInterfaceOrientationLandscapeLeft UIInterfaceOrientationLandscapeRight";
				INFOPLIST_KEY_UISupportedInterfaceOrientations_iPhone = "UIInterfaceOrientationPortrait UIInterfaceOrientationLandscapeLeft UIInterfaceOrientationLandscapeRight";
				IPHONEOS_DEPLOYMENT_TARGET = 16.0;
				LD_RUNPATH_SEARCH_PATHS = (
					"$(inherited)",
					"@executable_path/Frameworks",
				);
				MARKETING_VERSION = 1.0;
				PRODUCT_BUNDLE_IDENTIFIER = com.wgaucher.SudokuApp;
				PRODUCT_NAME = "$(TARGET_NAME)";
				PROVISIONING_PROFILE_SPECIFIER = "";
				SWIFT_EMIT_LOC_STRINGS = YES;
				SWIFT_VERSION = 5.0;
				TARGETED_DEVICE_FAMILY = "1,2";
			};
			name = Debug;
		};
		AA000013000000000000001A /* Release */ = {
			isa = XCBuildConfiguration;
			buildSettings = {
				ASSETCATALOG_COMPILER_APPICON_NAME = AppIcon;
				ASSETCATALOG_COMPILER_GLOBAL_ACCENT_COLOR_NAME = AccentColor;
				CODE_SIGN_IDENTITY = "Apple Development";
				CODE_SIGN_STYLE = Automatic;
				CURRENT_PROJECT_VERSION = 1;
				DEVELOPMENT_TEAM = JX8T4YJUUP;
				ENABLE_PREVIEWS = YES;
				GENERATE_INFOPLIST_FILE = YES;
				INFOPLIST_KEY_CFBundleDisplayName = Bludoku;
				INFOPLIST_KEY_UIApplicationSceneManifest_Generation = YES;
				INFOPLIST_KEY_UIApplicationSupportsIndirectInputEvents = YES;
				INFOPLIST_KEY_UILaunchScreen_Generation = YES;
				INFOPLIST_KEY_UISupportedInterfaceOrientations_iPad = "UIInterfaceOrientationPortrait UIInterfaceOrientationPortraitUpsideDown UIInterfaceOrientationLandscapeLeft UIInterfaceOrientationLandscapeRight";
				INFOPLIST_KEY_UISupportedInterfaceOrientations_iPhone = "UIInterfaceOrientationPortrait UIInterfaceOrientationLandscapeLeft UIInterfaceOrientationLandscapeRight";
				IPHONEOS_DEPLOYMENT_TARGET = 16.0;
				LD_RUNPATH_SEARCH_PATHS = (
					"$(inherited)",
					"@executable_path/Frameworks",
				);
				MARKETING_VERSION = 1.0;
				PRODUCT_BUNDLE_IDENTIFIER = com.wgaucher.SudokuApp;
				PRODUCT_NAME = "$(TARGET_NAME)";
				PROVISIONING_PROFILE_SPECIFIER = "";
				SWIFT_EMIT_LOC_STRINGS = YES;
				SWIFT_VERSION = 5.0;
				TARGETED_DEVICE_FAMILY = "1,2";
			};
			name = Release;
		};
/* End XCBuildConfiguration section */

/* Begin XCConfigurationList section */
		AA000002000000000000001A /* Build configuration list for PBXProject "SudokuApp" */ = {
			isa = XCConfigurationList;
			buildConfigurations = (
				AA000003000000000000001A /* Debug */,
				AA000004000000000000001A /* Release */,
			);
			defaultConfigurationIsVisible = 0;
			defaultConfigurationName = Release;
		};
		AA000011000000000000001A /* Build configuration list for PBXNativeTarget "SudokuApp" */ = {
			isa = XCConfigurationList;
			buildConfigurations = (
				AA000012000000000000001A /* Debug */,
				AA000013000000000000001A /* Release */,
			);
			defaultConfigurationIsVisible = 0;
			defaultConfigurationName = Release;
		};
/* End XCConfigurationList section */
	};
	rootObject = AA000001000000000000001A /* Project object */;
}
